
Microsoft Visual Studio Solution File, Format Version 12.00
# Visual Studio Version 17
VisualStudioVersion = 17.1.32210.238
MinimumVisualStudioVersion = 10.0.40219.1
Project("{FAE04EC0-301F-11D3-BF4B-00C04F79EFBC}") = "Time Series", "Time Series\Time Series.csproj", "{2A810620-FC37-443E-BA68-EC0C475C3DB5}"
EndProject
Project("{FAE04EC0-301F-11D3-BF4B-00C04F79EFBC}") = "Labs", "Lab_01\Labs.csproj", "{DCC54210-D68F-4243-A51B-37B4E9A2327D}"
EndProject
Global
	GlobalSection(SolutionConfigurationPlatforms) = preSolution
		Debug|Any CPU = Debug|Any CPU
		Release|Any CPU = Release|Any CPU
	EndGlobalSection
	GlobalSection(ProjectConfigurationPlatforms) = postSolution
		{2A810620-FC37-443E-BA68-EC0C475C3DB5}.Debug|Any CPU.ActiveCfg = Debug|Any CPU
		{2A810620-FC37-443E-BA68-EC0C475C3DB5}.Debug|Any CPU.Build.0 = Debug|Any CPU
		{2A810620-FC37-443E-BA68-EC0C475C3DB5}.Release|Any CPU.ActiveCfg = Release|Any CPU
		{2A810620-FC37-443E-BA68-EC0C475C3DB5}.Release|Any CPU.Build.0 = Release|Any CPU
		{DCC54210-D68F-4243-A51B-37B4E9A2327D}.Debug|Any CPU.ActiveCfg = Debug|Any CPU
		{DCC54210-D68F-4243-A51B-37B4E9A2327D}.Debug|Any CPU.Build.0 = Debug|Any CPU
		{DCC54210-D68F-4243-A51B-37B4E9A2327D}.Release|Any CPU.ActiveCfg = Release|Any CPU
		{DCC54210-D68F-4243-A51B-37B4E9A2327D}.Release|Any CPU.Build.0 = Release|Any CPU
	EndGlobalSection
	GlobalSection(SolutionProperties) = preSolution
		HideSolutionNode = FALSE
	EndGlobalSection
	GlobalSection(ExtensibilityGlobals) = postSolution
		SolutionGuid = {B3A1C658-381E-4CDF-9B0B-1AD1EF57B7A6}
	EndGlobalSection
EndGlobal
